
Microsoft Visual Studio Solution File, Format Version 12.00
# Visual Studio 14
VisualStudioVersion = 14.0.25420.1
MinimumVisualStudioVersion = 10.0.40219.1
Project("{FAE04EC0-301F-11D3-BF4B-00C04F79EFBC}") = "WebApplication", "WebApplication\WebApplication.csproj", "{D1F455EB-F128-4EB4-860C-D51F4137BC4D}"
EndProject
Project("{FAE04EC0-301F-11D3-BF4B-00C04F79EFBC}") = "Tests", "Tests\Tests.csproj", "{70FB78F0-1D31-4FA7-806B-1A10621CA3BF}"
EndProject
Project("{2150E333-8FDC-42A3-9474-1A3956D46DE8}") = ".CodeAnalysis", ".CodeAnalysis", "{866F5998-8029-412B-9506-347813E6F30B}"
	ProjectSection(SolutionItems) = preProject
		.CodeAnalysis\Solution.ruleset = .CodeAnalysis\Solution.ruleset
		.CodeAnalysis\Solution.Tests.ruleset = .CodeAnalysis\Solution.Tests.ruleset
		.CodeAnalysis\SolutionDictionary.xml = .CodeAnalysis\SolutionDictionary.xml
		.CodeAnalysis\SolutionSuppressions.cs = .CodeAnalysis\SolutionSuppressions.cs
	EndProjectSection
EndProject
Global
	GlobalSection(SolutionConfigurationPlatforms) = preSolution
		Debug|Any CPU = Debug|Any CPU
		Release|Any CPU = Release|Any CPU
	EndGlobalSection
	GlobalSection(ProjectConfigurationPlatforms) = postSolution
		{D1F455EB-F128-4EB4-860C-D51F4137BC4D}.Debug|Any CPU.ActiveCfg = Debug|Any CPU
		{D1F455EB-F128-4EB4-860C-D51F4137BC4D}.Debug|Any CPU.Build.0 = Debug|Any CPU
		{D1F455EB-F128-4EB4-860C-D51F4137BC4D}.Release|Any CPU.ActiveCfg = Release|Any CPU
		{D1F455EB-F128-4EB4-860C-D51F4137BC4D}.Release|Any CPU.Build.0 = Release|Any CPU
		{70FB78F0-1D31-4FA7-806B-1A10621CA3BF}.Debug|Any CPU.ActiveCfg = Debug|Any CPU
		{70FB78F0-1D31-4FA7-806B-1A10621CA3BF}.Debug|Any CPU.Build.0 = Debug|Any CPU
		{70FB78F0-1D31-4FA7-806B-1A10621CA3BF}.Release|Any CPU.ActiveCfg = Release|Any CPU
		{70FB78F0-1D31-4FA7-806B-1A10621CA3BF}.Release|Any CPU.Build.0 = Release|Any CPU
	EndGlobalSection
	GlobalSection(SolutionProperties) = preSolution
		HideSolutionNode = FALSE
	EndGlobalSection
EndGlobal
